
Microsoft Visual Studio Solution File, Format Version 12.00
# Visual Studio 15
VisualStudioVersion = 15.0.28307.106
MinimumVisualStudioVersion = 10.0.40219.1
Project("{FAE04EC0-301F-11D3-BF4B-00C04F79EFBC}") = "CustomerOrders", "CustomerOrders.csproj", "{B155CD85-29D4-4962-B554-298013399BC4}"
EndProject
Global
	GlobalSection(SolutionConfigurationPlatforms) = preSolution
		Debug|Any CPU = Debug|Any CPU
		Release|Any CPU = Release|Any CPU
	EndGlobalSection
	GlobalSection(ProjectConfigurationPlatforms) = postSolution
		{B155CD85-29D4-4962-B554-298013399BC4}.Debug|Any CPU.ActiveCfg = Debug|Any CPU
		{B155CD85-29D4-4962-B554-298013399BC4}.Debug|Any CPU.Build.0 = Debug|Any CPU
		{B155CD85-29D4-4962-B554-298013399BC4}.Release|Any CPU.ActiveCfg = Release|Any CPU
		{B155CD85-29D4-4962-B554-298013399BC4}.Release|Any CPU.Build.0 = Release|Any CPU
	EndGlobalSection
	GlobalSection(SolutionProperties) = preSolution
		HideSolutionNode = FALSE
	EndGlobalSection
	GlobalSection(ExtensibilityGlobals) = postSolution
		SolutionGuid = {B2BFAF82-0371-4453-997A-B2A716438321}
	EndGlobalSection
EndGlobal
